{
    "_readme": [
        "This file locks the dependencies of your project to a known state",
        "Read more about it at https://getcomposer.org/doc/01-basic-usage.md#installing-dependencies",
        "This file is @generated automatically"
    ],
    "content-hash": "c9bd9db253327d25d0299c0ee4ea4ec9",
    "packages": [],
    "packages-dev": [],
    "aliases": [],
    "minimum-stability": "stable",
    "stability-flags": [],
    "prefer-stable": false,
    "prefer-lowest": false,
    "platform": {
        "php": "^8.2",
        "ext-sockets": "*",
        "ext-mbstring": "*",
        "ext-bcmath": "*",
        "ext-posix": "*",
        "ext-gettext": "*",
        "ext-dom": "*",
        "ext-libxml": "*",
        "ext-pcntl": "*",
        "ext-yaml": "*",
        "ext-sysvsem": "*",
        "ext-fileinfo": "*",
        "ext-simplexml": "*"
    },
    "platform-dev": [],
    "plugin-api-version": "2.6.0"
}
